// !$*UTF8*$!
{
	archiveVersion = 1;
	classes = {
	};
	objectVersion = 56;
	objects = {

/* Begin PBXBuildFile section */
		6A07C6672A69767E000241EE /* CategoryCollectionViewCell.swift in Sources */ = {isa = PBXBuildFile; fileRef = 6A07C6652A69767E000241EE /* CategoryCollectionViewCell.swift */; };
		6A07C6682A69767E000241EE /* CategoryCollectionViewCell.xib in Resources */ = {isa = PBXBuildFile; fileRef = 6A07C6662A69767E000241EE /* CategoryCollectionViewCell.xib */; };
		6A07C66A2A697A16000241EE /* CategoryDish.swift in Sources */ = {isa = PBXBuildFile; fileRef = 6A07C6692A697A16000241EE /* CategoryDish.swift */; };
		6A07C66D2A697F0D000241EE /* Kingfisher in Frameworks */ = {isa = PBXBuildFile; productRef = 6A07C66C2A697F0D000241EE /* Kingfisher */; };
		6A07C66F2A697F35000241EE /* String+Extension.swift in Sources */ = {isa = PBXBuildFile; fileRef = 6A07C66E2A697F35000241EE /* String+Extension.swift */; };
		6A07C6722A69827D000241EE /* HomeViewController.swift in Sources */ = {isa = PBXBuildFile; fileRef = 6A07C6712A69827D000241EE /* HomeViewController.swift */; };
		6A4A39C82A69ABA3009532FD /* CardView.swift in Sources */ = {isa = PBXBuildFile; fileRef = 6A4A39C72A69ABA3009532FD /* CardView.swift */; };
		6A5C9DEB2A7ACF31001E9614 /* AllDishes.swift in Sources */ = {isa = PBXBuildFile; fileRef = 6A5C9DEA2A7ACF31001E9614 /* AllDishes.swift */; };
		6A5C9DEE2A7AD9C5001E9614 /* ProgressHUD in Frameworks */ = {isa = PBXBuildFile; productRef = 6A5C9DED2A7AD9C5001E9614 /* ProgressHUD */; };
		6AE454772A7D422200C810B5 /* IQKeyboardManagerSwift in Frameworks */ = {isa = PBXBuildFile; productRef = 6AE454762A7D422200C810B5 /* IQKeyboardManagerSwift */; };
		6AEDB9E42A6D9C4B00BA789C /* ListOrders.swift in Sources */ = {isa = PBXBuildFile; fileRef = 6AEDB9E32A6D9C4B00BA789C /* ListOrders.swift */; };
		6AEDB9E62A6D9EDB00BA789C /* Orders.swift in Sources */ = {isa = PBXBuildFile; fileRef = 6AEDB9E52A6D9EDB00BA789C /* Orders.swift */; };
		6AF103CD2A72CD7D009A5537 /* AppError.swift in Sources */ = {isa = PBXBuildFile; fileRef = 6AF103CC2A72CD7D009A5537 /* AppError.swift */; };
		6AF103CF2A72DFD1009A5537 /* ApiResponse.swift in Sources */ = {isa = PBXBuildFile; fileRef = 6AF103CE2A72DFD1009A5537 /* ApiResponse.swift */; };
		6AF11E682A7275F800AF8FD9 /* NetworkService.swift in Sources */ = {isa = PBXBuildFile; fileRef = 6AF11E672A7275F800AF8FD9 /* NetworkService.swift */; };
		6AF11E6A2A7277E700AF8FD9 /* Route.swift in Sources */ = {isa = PBXBuildFile; fileRef = 6AF11E692A7277E700AF8FD9 /* Route.swift */; };
		6AF11E6C2A727AFD00AF8FD9 /* Method.swift in Sources */ = {isa = PBXBuildFile; fileRef = 6AF11E6B2A727AFD00AF8FD9 /* Method.swift */; };
		6AF3B8122A6BF60B0018FDE1 /* DishDetailsViewController.swift in Sources */ = {isa = PBXBuildFile; fileRef = 6AF3B8112A6BF60B0018FDE1 /* DishDetailsViewController.swift */; };
		6AF3B8142A6C1BDA0018FDE1 /* UIViewController + Extension.swift in Sources */ = {isa = PBXBuildFile; fileRef = 6AF3B8132A6C1BD90018FDE1 /* UIViewController + Extension.swift */; };
		6AF3B8172A6C37000018FDE1 /* ListDishesViewController.swift in Sources */ = {isa = PBXBuildFile; fileRef = 6AF3B8162A6C37000018FDE1 /* ListDishesViewController.swift */; };
		6AF3B81C2A6C38050018FDE1 /* DishListTableViewCell.swift in Sources */ = {isa = PBXBuildFile; fileRef = 6AF3B81A2A6C38040018FDE1 /* DishListTableViewCell.swift */; };
		6AF3B81D2A6C38050018FDE1 /* DishListTableViewCell.xib in Resources */ = {isa = PBXBuildFile; fileRef = 6AF3B81B2A6C38040018FDE1 /* DishListTableViewCell.xib */; };
		6AF418A12A67153300432775 /* AppDelegate.swift in Sources */ = {isa = PBXBuildFile; fileRef = 6AF418A02A67153300432775 /* AppDelegate.swift */; };
		6AF418A32A67153300432775 /* SceneDelegate.swift in Sources */ = {isa = PBXBuildFile; fileRef = 6AF418A22A67153300432775 /* SceneDelegate.swift */; };
		6AF418A82A67153300432775 /* Main.storyboard in Resources */ = {isa = PBXBuildFile; fileRef = 6AF418A62A67153300432775 /* Main.storyboard */; };
		6AF418AA2A67153500432775 /* Assets.xcassets in Resources */ = {isa = PBXBuildFile; fileRef = 6AF418A92A67153500432775 /* Assets.xcassets */; };
		6AF418AD2A67153500432775 /* LaunchScreen.storyboard in Resources */ = {isa = PBXBuildFile; fileRef = 6AF418AB2A67153500432775 /* LaunchScreen.storyboard */; };
		6AF418BB2A6716CF00432775 /* OnboardingViewController.swift in Sources */ = {isa = PBXBuildFile; fileRef = 6AF418BA2A6716CF00432775 /* OnboardingViewController.swift */; };
		6AF418BD2A67175B00432775 /* OnboardingCollectionViewCell.swift in Sources */ = {isa = PBXBuildFile; fileRef = 6AF418BC2A67175B00432775 /* OnboardingCollectionViewCell.swift */; };
		6AF444712A6AA61A00B9AA0B /* UIView + Extension.swift in Sources */ = {isa = PBXBuildFile; fileRef = 6AF444702A6AA61A00B9AA0B /* UIView + Extension.swift */; };
		6AF444752A6AB61800B9AA0B /* DishPortraitCollectionViewCell.swift in Sources */ = {isa = PBXBuildFile; fileRef = 6AF444732A6AB61800B9AA0B /* DishPortraitCollectionViewCell.swift */; };
		6AF444762A6AB61800B9AA0B /* DishPortraitCollectionViewCell.xib in Resources */ = {isa = PBXBuildFile; fileRef = 6AF444742A6AB61800B9AA0B /* DishPortraitCollectionViewCell.xib */; };
		6AF444782A6AB8E700B9AA0B /* Dish.swift in Sources */ = {isa = PBXBuildFile; fileRef = 6AF444772A6AB8E700B9AA0B /* Dish.swift */; };
		6AF5C9B32A68139300A68A90 /* OnboardingSlide.swift in Sources */ = {isa = PBXBuildFile; fileRef = 6AF5C9B22A68139300A68A90 /* OnboardingSlide.swift */; };
		6AF919822A6AE66C004F3D55 /* ChefCollectionViewCell.swift in Sources */ = {isa = PBXBuildFile; fileRef = 6AF919802A6AE66C004F3D55 /* ChefCollectionViewCell.swift */; };
		6AF919832A6AE66C004F3D55 /* ChefCollectionViewCell.xib in Resources */ = {isa = PBXBuildFile; fileRef = 6AF919812A6AE66C004F3D55 /* ChefCollectionViewCell.xib */; };
/* End PBXBuildFile section */

/* Begin PBXFileReference section */
		6A07C6652A69767E000241EE /* CategoryCollectionViewCell.swift */ = {isa = PBXFileReference; lastKnownFileType = sourcecode.swift; path = CategoryCollectionViewCell.swift; sourceTree = "<group>"; };
		6A07C6662A69767E000241EE /* CategoryCollectionViewCell.xib */ = {isa = PBXFileReference; lastKnownFileType = file.xib; path = CategoryCollectionViewCell.xib; sourceTree = "<group>"; };
		6A07C6692A697A16000241EE /* CategoryDish.swift */ = {isa = PBXFileReference; lastKnownFileType = sourcecode.swift; path = CategoryDish.swift; sourceTree = "<group>"; };
		6A07C66E2A697F35000241EE /* String+Extension.swift */ = {isa = PBXFileReference; lastKnownFileType = sourcecode.swift; path = "String+Extension.swift"; sourceTree = "<group>"; };
		6A07C6712A69827D000241EE /* HomeViewController.swift */ = {isa = PBXFileReference; lastKnownFileType = sourcecode.swift; path = HomeViewController.swift; sourceTree = "<group>"; };
		6A4A39C72A69ABA3009532FD /* CardView.swift */ = {isa = PBXFileReference; lastKnownFileType = sourcecode.swift; path = CardView.swift; sourceTree = "<group>"; };
		6A5C9DEA2A7ACF31001E9614 /* AllDishes.swift */ = {isa = PBXFileReference; lastKnownFileType = sourcecode.swift; path = AllDishes.swift; sourceTree = "<group>"; };
		6AEDB9E32A6D9C4B00BA789C /* ListOrders.swift */ = {isa = PBXFileReference; lastKnownFileType = sourcecode.swift; path = ListOrders.swift; sourceTree = "<group>"; };
		6AEDB9E52A6D9EDB00BA789C /* Orders.swift */ = {isa = PBXFileReference; lastKnownFileType = sourcecode.swift; path = Orders.swift; sourceTree = "<group>"; };
		6AF103CC2A72CD7D009A5537 /* AppError.swift */ = {isa = PBXFileReference; lastKnownFileType = sourcecode.swift; path = AppError.swift; sourceTree = "<group>"; };
		6AF103CE2A72DFD1009A5537 /* ApiResponse.swift */ = {isa = PBXFileReference; lastKnownFileType = sourcecode.swift; path = ApiResponse.swift; sourceTree = "<group>"; };
		6AF11E672A7275F800AF8FD9 /* NetworkService.swift */ = {isa = PBXFileReference; lastKnownFileType = sourcecode.swift; path = NetworkService.swift; sourceTree = "<group>"; };
		6AF11E692A7277E700AF8FD9 /* Route.swift */ = {isa = PBXFileReference; lastKnownFileType = sourcecode.swift; path = Route.swift; sourceTree = "<group>"; };
		6AF11E6B2A727AFD00AF8FD9 /* Method.swift */ = {isa = PBXFileReference; lastKnownFileType = sourcecode.swift; path = Method.swift; sourceTree = "<group>"; };
		6AF3B8112A6BF60B0018FDE1 /* DishDetailsViewController.swift */ = {isa = PBXFileReference; lastKnownFileType = sourcecode.swift; path = DishDetailsViewController.swift; sourceTree = "<group>"; };
		6AF3B8132A6C1BD90018FDE1 /* UIViewController + Extension.swift */ = {isa = PBXFileReference; lastKnownFileType = sourcecode.swift; path = "UIViewController + Extension.swift"; sourceTree = "<group>"; };
		6AF3B8162A6C37000018FDE1 /* ListDishesViewController.swift */ = {isa = PBXFileReference; lastKnownFileType = sourcecode.swift; path = ListDishesViewController.swift; sourceTree = "<group>"; };
		6AF3B81A2A6C38040018FDE1 /* DishListTableViewCell.swift */ = {isa = PBXFileReference; lastKnownFileType = sourcecode.swift; path = DishListTableViewCell.swift; sourceTree = "<group>"; };
		6AF3B81B2A6C38040018FDE1 /* DishListTableViewCell.xib */ = {isa = PBXFileReference; lastKnownFileType = file.xib; path = DishListTableViewCell.xib; sourceTree = "<group>"; };
		6AF4189D2A67153300432775 /* FoodOrder.app */ = {isa = PBXFileReference; explicitFileType = wrapper.application; includeInIndex = 0; path = FoodOrder.app; sourceTree = BUILT_PRODUCTS_DIR; };
		6AF418A02A67153300432775 /* AppDelegate.swift */ = {isa = PBXFileReference; lastKnownFileType = sourcecode.swift; path = AppDelegate.swift; sourceTree = "<group>"; };
		6AF418A22A67153300432775 /* SceneDelegate.swift */ = {isa = PBXFileReference; lastKnownFileType = sourcecode.swift; path = SceneDelegate.swift; sourceTree = "<group>"; };
		6AF418A72A67153300432775 /* Base */ = {isa = PBXFileReference; lastKnownFileType = file.storyboard; name = Base; path = Base.lproj/Main.storyboard; sourceTree = "<group>"; };
		6AF418A92A67153500432775 /* Assets.xcassets */ = {isa = PBXFileReference; lastKnownFileType = folder.assetcatalog; path = Assets.xcassets; sourceTree = "<group>"; };
		6AF418AC2A67153500432775 /* Base */ = {isa = PBXFileReference; lastKnownFileType = file.storyboard; name = Base; path = Base.lproj/LaunchScreen.storyboard; sourceTree = "<group>"; };
		6AF418AE2A67153500432775 /* Info.plist */ = {isa = PBXFileReference; lastKnownFileType = text.plist.xml; path = Info.plist; sourceTree = "<group>"; };
		6AF418BA2A6716CF00432775 /* OnboardingViewController.swift */ = {isa = PBXFileReference; lastKnownFileType = sourcecode.swift; path = OnboardingViewController.swift; sourceTree = "<group>"; };
		6AF418BC2A67175B00432775 /* OnboardingCollectionViewCell.swift */ = {isa = PBXFileReference; lastKnownFileType = sourcecode.swift; path = OnboardingCollectionViewCell.swift; sourceTree = "<group>"; };
		6AF444702A6AA61A00B9AA0B /* UIView + Extension.swift */ = {isa = PBXFileReference; lastKnownFileType = sourcecode.swift; path = "UIView + Extension.swift"; sourceTree = "<group>"; };
		6AF444732A6AB61800B9AA0B /* DishPortraitCollectionViewCell.swift */ = {isa = PBXFileReference; lastKnownFileType = sourcecode.swift; path = DishPortraitCollectionViewCell.swift; sourceTree = "<group>"; };
		6AF444742A6AB61800B9AA0B /* DishPortraitCollectionViewCell.xib */ = {isa = PBXFileReference; lastKnownFileType = file.xib; path = DishPortraitCollectionViewCell.xib; sourceTree = "<group>"; };
		6AF444772A6AB8E700B9AA0B /* Dish.swift */ = {isa = PBXFileReference; lastKnownFileType = sourcecode.swift; path = Dish.swift; sourceTree = "<group>"; };
		6AF5C9B22A68139300A68A90 /* OnboardingSlide.swift */ = {isa = PBXFileReference; lastKnownFileType = sourcecode.swift; path = OnboardingSlide.swift; sourceTree = "<group>"; };
		6AF919802A6AE66C004F3D55 /* ChefCollectionViewCell.swift */ = {isa = PBXFileReference; lastKnownFileType = sourcecode.swift; path = ChefCollectionViewCell.swift; sourceTree = "<group>"; };
		6AF919812A6AE66C004F3D55 /* ChefCollectionViewCell.xib */ = {isa = PBXFileReference; lastKnownFileType = file.xib; path = ChefCollectionViewCell.xib; sourceTree = "<group>"; };
/* End PBXFileReference section */

/* Begin PBXFrameworksBuildPhase section */
		6AF4189A2A67153300432775 /* Frameworks */ = {
			isa = PBXFrameworksBuildPhase;
			buildActionMask = 2147483647;
			files = (
				6A07C66D2A697F0D000241EE /* Kingfisher in Frameworks */,
				6A5C9DEE2A7AD9C5001E9614 /* ProgressHUD in Frameworks */,
				6AE454772A7D422200C810B5 /* IQKeyboardManagerSwift in Frameworks */,
			);
			runOnlyForDeploymentPostprocessing = 0;
		};
/* End PBXFrameworksBuildPhase section */

/* Begin PBXGroup section */
		6A07C6632A697614000241EE /* CollectionViewCell */ = {
			isa = PBXGroup;
			children = (
				6A07C6642A697625000241EE /* CategoryCollectionViewCell */,
				6AF444722A6AB5D200B9AA0B /* DishPortraitCollection */,
				6AF9197F2A6AE62F004F3D55 /* ChefCollectionViewCell */,
			);
			path = CollectionViewCell;
			sourceTree = "<group>";
		};
		6A07C6642A697625000241EE /* CategoryCollectionViewCell */ = {
			isa = PBXGroup;
			children = (
				6A07C6652A69767E000241EE /* CategoryCollectionViewCell.swift */,
				6A07C6662A69767E000241EE /* CategoryCollectionViewCell.xib */,
			);
			path = CategoryCollectionViewCell;
			sourceTree = "<group>";
		};
		6A07C6702A698255000241EE /* Home */ = {
			isa = PBXGroup;
			children = (
				6A07C6712A69827D000241EE /* HomeViewController.swift */,
			);
			path = Home;
			sourceTree = "<group>";
		};
		6A4A39C62A69AB73009532FD /* CardView */ = {
			isa = PBXGroup;
			children = (
				6A4A39C72A69ABA3009532FD /* CardView.swift */,
			);
			path = CardView;
			sourceTree = "<group>";
		};
		6AEDB9E22A6D9C2100BA789C /* ListOrders */ = {
			isa = PBXGroup;
			children = (
				6AEDB9E32A6D9C4B00BA789C /* ListOrders.swift */,
			);
			path = ListOrders;
			sourceTree = "<group>";
		};
		6AF11E662A7275E200AF8FD9 /* Networking */ = {
			isa = PBXGroup;
			children = (
				6AF11E672A7275F800AF8FD9 /* NetworkService.swift */,
				6AF11E692A7277E700AF8FD9 /* Route.swift */,
				6AF11E6B2A727AFD00AF8FD9 /* Method.swift */,
				6AF103CC2A72CD7D009A5537 /* AppError.swift */,
				6AF103CE2A72DFD1009A5537 /* ApiResponse.swift */,
			);
			path = Networking;
			sourceTree = "<group>";
		};
		6AF3B8102A6BF5E00018FDE1 /* DishDetails */ = {
			isa = PBXGroup;
			children = (
				6AF3B8112A6BF60B0018FDE1 /* DishDetailsViewController.swift */,
			);
			path = DishDetails;
			sourceTree = "<group>";
		};
		6AF3B8152A6C36BD0018FDE1 /* ListDishes */ = {
			isa = PBXGroup;
			children = (
				6AF3B8162A6C37000018FDE1 /* ListDishesViewController.swift */,
			);
			path = ListDishes;
			sourceTree = "<group>";
		};
		6AF3B8182A6C37900018FDE1 /* TableViewCell */ = {
			isa = PBXGroup;
			children = (
				6AF3B8192A6C37A30018FDE1 /* DishListTableViewCell */,
			);
			path = TableViewCell;
			sourceTree = "<group>";
		};
		6AF3B8192A6C37A30018FDE1 /* DishListTableViewCell */ = {
			isa = PBXGroup;
			children = (
				6AF3B81A2A6C38040018FDE1 /* DishListTableViewCell.swift */,
				6AF3B81B2A6C38040018FDE1 /* DishListTableViewCell.xib */,
			);
			path = DishListTableViewCell;
			sourceTree = "<group>";
		};
		6AF418942A67153300432775 = {
			isa = PBXGroup;
			children = (
				6AF4189F2A67153300432775 /* FoodOrder */,
				6AF4189E2A67153300432775 /* Products */,
			);
			sourceTree = "<group>";
		};
		6AF4189E2A67153300432775 /* Products */ = {
			isa = PBXGroup;
			children = (
				6AF4189D2A67153300432775 /* FoodOrder.app */,
			);
			name = Products;
			sourceTree = "<group>";
		};
		6AF4189F2A67153300432775 /* FoodOrder */ = {
			isa = PBXGroup;
			children = (
				6AF11E662A7275E200AF8FD9 /* Networking */,
				6AF418B42A67156F00432775 /* Extensions */,
				6AF418B62A67158500432775 /* Views */,
				6AF418B52A67157900432775 /* CustomViews */,
				6AF418B72A6715B000432775 /* Models */,
				6AF5C9B42A682A0700A68A90 /* Files */,
			);
			path = FoodOrder;
			sourceTree = "<group>";
		};
		6AF418B42A67156F00432775 /* Extensions */ = {
			isa = PBXGroup;
			children = (
				6A07C66E2A697F35000241EE /* String+Extension.swift */,
				6AF444702A6AA61A00B9AA0B /* UIView + Extension.swift */,
				6AF3B8132A6C1BD90018FDE1 /* UIViewController + Extension.swift */,
			);
			path = Extensions;
			sourceTree = "<group>";
		};
		6AF418B52A67157900432775 /* CustomViews */ = {
			isa = PBXGroup;
			children = (
				6AF3B8182A6C37900018FDE1 /* TableViewCell */,
				6A4A39C62A69AB73009532FD /* CardView */,
				6A07C6632A697614000241EE /* CollectionViewCell */,
			);
			path = CustomViews;
			sourceTree = "<group>";
		};
		6AF418B62A67158500432775 /* Views */ = {
			isa = PBXGroup;
			children = (
				6AEDB9E22A6D9C2100BA789C /* ListOrders */,
				6AF3B8152A6C36BD0018FDE1 /* ListDishes */,
				6AF3B8102A6BF5E00018FDE1 /* DishDetails */,
				6A07C6702A698255000241EE /* Home */,
				6AF418B92A67165400432775 /* Onboarding */,
			);
			path = Views;
			sourceTree = "<group>";
		};
		6AF418B72A6715B000432775 /* Models */ = {
			isa = PBXGroup;
			children = (
				6AF5C9B22A68139300A68A90 /* OnboardingSlide.swift */,
				6A07C6692A697A16000241EE /* CategoryDish.swift */,
				6AF444772A6AB8E700B9AA0B /* Dish.swift */,
				6AEDB9E52A6D9EDB00BA789C /* Orders.swift */,
				6A5C9DEA2A7ACF31001E9614 /* AllDishes.swift */,
			);
			path = Models;
			sourceTree = "<group>";
		};
		6AF418B92A67165400432775 /* Onboarding */ = {
			isa = PBXGroup;
			children = (
				6AF418BA2A6716CF00432775 /* OnboardingViewController.swift */,
				6AF418BC2A67175B00432775 /* OnboardingCollectionViewCell.swift */,
			);
			path = Onboarding;
			sourceTree = "<group>";
		};
		6AF444722A6AB5D200B9AA0B /* DishPortraitCollection */ = {
			isa = PBXGroup;
			children = (
				6AF444732A6AB61800B9AA0B /* DishPortraitCollectionViewCell.swift */,
				6AF444742A6AB61800B9AA0B /* DishPortraitCollectionViewCell.xib */,
			);
			path = DishPortraitCollection;
			sourceTree = "<group>";
		};
		6AF5C9B42A682A0700A68A90 /* Files */ = {
			isa = PBXGroup;
			children = (
				6AF418A02A67153300432775 /* AppDelegate.swift */,
				6AF418A22A67153300432775 /* SceneDelegate.swift */,
				6AF418A62A67153300432775 /* Main.storyboard */,
				6AF418A92A67153500432775 /* Assets.xcassets */,
				6AF418AB2A67153500432775 /* LaunchScreen.storyboard */,
				6AF418AE2A67153500432775 /* Info.plist */,
			);
			name = Files;
			sourceTree = "<group>";
		};
		6AF9197F2A6AE62F004F3D55 /* ChefCollectionViewCell */ = {
			isa = PBXGroup;
			children = (
				6AF919802A6AE66C004F3D55 /* ChefCollectionViewCell.swift */,
				6AF919812A6AE66C004F3D55 /* ChefCollectionViewCell.xib */,
			);
			path = ChefCollectionViewCell;
			sourceTree = "<group>";
		};
/* End PBXGroup section */

/* Begin PBXNativeTarget section */
		6AF4189C2A67153300432775 /* FoodOrder */ = {
			isa = PBXNativeTarget;
			buildConfigurationList = 6AF418B12A67153500432775 /* Build configuration list for PBXNativeTarget "FoodOrder" */;
			buildPhases = (
				6AF418992A67153300432775 /* Sources */,
				6AF4189A2A67153300432775 /* Frameworks */,
				6AF4189B2A67153300432775 /* Resources */,
			);
			buildRules = (
			);
			dependencies = (
			);
			name = FoodOrder;
			packageProductDependencies = (
				6A07C66C2A697F0D000241EE /* Kingfisher */,
				6A5C9DED2A7AD9C5001E9614 /* ProgressHUD */,
				6AE454762A7D422200C810B5 /* IQKeyboardManagerSwift */,
			);
			productName = FoodOrder;
			productReference = 6AF4189D2A67153300432775 /* FoodOrder.app */;
			productType = "com.apple.product-type.application";
		};
/* End PBXNativeTarget section */

/* Begin PBXProject section */
		6AF418952A67153300432775 /* Project object */ = {
			isa = PBXProject;
			attributes = {
				BuildIndependentTargetsInParallel = 1;
				LastSwiftUpdateCheck = 1430;
				LastUpgradeCheck = 1430;
				TargetAttributes = {
					6AF4189C2A67153300432775 = {
						CreatedOnToolsVersion = 14.3.1;
					};
				};
			};
			buildConfigurationList = 6AF418982A67153300432775 /* Build configuration list for PBXProject "FoodOrder" */;
			compatibilityVersion = "Xcode 14.0";
			developmentRegion = en;
			hasScannedForEncodings = 0;
			knownRegions = (
				en,
				Base,
			);
			mainGroup = 6AF418942A67153300432775;
			packageReferences = (
				6A07C66B2A697F0D000241EE /* XCRemoteSwiftPackageReference "Kingfisher" */,
				6A5C9DEC2A7AD9C5001E9614 /* XCRemoteSwiftPackageReference "ProgressHUD" */,
				6AE454752A7D422200C810B5 /* XCRemoteSwiftPackageReference "IQKeyboardManager" */,
			);
			productRefGroup = 6AF4189E2A67153300432775 /* Products */;
			projectDirPath = "";
			projectRoot = "";
			targets = (
				6AF4189C2A67153300432775 /* FoodOrder */,
			);
		};
/* End PBXProject section */

/* Begin PBXResourcesBuildPhase section */
		6AF4189B2A67153300432775 /* Resources */ = {
			isa = PBXResourcesBuildPhase;
			buildActionMask = 2147483647;
			files = (
				6A07C6682A69767E000241EE /* CategoryCollectionViewCell.xib in Resources */,
				6AF3B81D2A6C38050018FDE1 /* DishListTableViewCell.xib in Resources */,
				6AF418AD2A67153500432775 /* LaunchScreen.storyboard in Resources */,
				6AF919832A6AE66C004F3D55 /* ChefCollectionViewCell.xib in Resources */,
				6AF444762A6AB61800B9AA0B /* DishPortraitCollectionViewCell.xib in Resources */,
				6AF418AA2A67153500432775 /* Assets.xcassets in Resources */,
				6AF418A82A67153300432775 /* Main.storyboard in Resources */,
			);
			runOnlyForDeploymentPostprocessing = 0;
		};
/* End PBXResourcesBuildPhase section */

/* Begin PBXSourcesBuildPhase section */
		6AF418992A67153300432775 /* Sources */ = {
			isa = PBXSourcesBuildPhase;
			buildActionMask = 2147483647;
			files = (
				6AF444782A6AB8E700B9AA0B /* Dish.swift in Sources */,
				6A07C66F2A697F35000241EE /* String+Extension.swift in Sources */,
				6AF919822A6AE66C004F3D55 /* ChefCollectionViewCell.swift in Sources */,
				6AF5C9B32A68139300A68A90 /* OnboardingSlide.swift in Sources */,
				6AF3B8172A6C37000018FDE1 /* ListDishesViewController.swift in Sources */,
				6AF3B81C2A6C38050018FDE1 /* DishListTableViewCell.swift in Sources */,
				6AF418A12A67153300432775 /* AppDelegate.swift in Sources */,
				6A5C9DEB2A7ACF31001E9614 /* AllDishes.swift in Sources */,
				6AF418BD2A67175B00432775 /* OnboardingCollectionViewCell.swift in Sources */,
				6AF11E6C2A727AFD00AF8FD9 /* Method.swift in Sources */,
				6AF444712A6AA61A00B9AA0B /* UIView + Extension.swift in Sources */,
				6A4A39C82A69ABA3009532FD /* CardView.swift in Sources */,
				6AF418A32A67153300432775 /* SceneDelegate.swift in Sources */,
				6A07C6722A69827D000241EE /* HomeViewController.swift in Sources */,
				6AF103CF2A72DFD1009A5537 /* ApiResponse.swift in Sources */,
				6AF3B8142A6C1BDA0018FDE1 /* UIViewController + Extension.swift in Sources */,
				6AF11E6A2A7277E700AF8FD9 /* Route.swift in Sources */,
				6AF11E682A7275F800AF8FD9 /* NetworkService.swift in Sources */,
				6A07C66A2A697A16000241EE /* CategoryDish.swift in Sources */,
				6AEDB9E62A6D9EDB00BA789C /* Orders.swift in Sources */,
				6AEDB9E42A6D9C4B00BA789C /* ListOrders.swift in Sources */,
				6A07C6672A69767E000241EE /* CategoryCollectionViewCell.swift in Sources */,
				6AF103CD2A72CD7D009A5537 /* AppError.swift in Sources */,
				6AF418BB2A6716CF00432775 /* OnboardingViewController.swift in Sources */,
				6AF444752A6AB61800B9AA0B /* DishPortraitCollectionViewCell.swift in Sources */,
				6AF3B8122A6BF60B0018FDE1 /* DishDetailsViewController.swift in Sources */,
			);
			runOnlyForDeploymentPostprocessing = 0;
		};
/* End PBXSourcesBuildPhase section */

/* Begin PBXVariantGroup section */
		6AF418A62A67153300432775 /* Main.storyboard */ = {
			isa = PBXVariantGroup;
			children = (
				6AF418A72A67153300432775 /* Base */,
			);
			name = Main.storyboard;
			sourceTree = "<group>";
		};
		6AF418AB2A67153500432775 /* LaunchScreen.storyboard */ = {
			isa = PBXVariantGroup;
			children = (
				6AF418AC2A67153500432775 /* Base */,
			);
			name = LaunchScreen.storyboard;
			sourceTree = "<group>";
		};
/* End PBXVariantGroup section */

/* Begin XCBuildConfiguration section */
		6AF418AF2A67153500432775 /* Debug */ = {
			isa = XCBuildConfiguration;
			buildSettings = {
				ALWAYS_SEARCH_USER_PATHS = NO;
				CLANG_ANALYZER_NONNULL = YES;
				CLANG_ANALYZER_NUMBER_OBJECT_CONVERSION = YES_AGGRESSIVE;
				CLANG_CXX_LANGUAGE_STANDARD = "gnu++20";
				CLANG_ENABLE_MODULES = YES;
				CLANG_ENABLE_OBJC_ARC = YES;
				CLANG_ENABLE_OBJC_WEAK = YES;
				CLANG_WARN_BLOCK_CAPTURE_AUTORELEASING = YES;
				CLANG_WARN_BOOL_CONVERSION = YES;
				CLANG_WARN_COMMA = YES;
				CLANG_WARN_CONSTANT_CONVERSION = YES;
				CLANG_WARN_DEPRECATED_OBJC_IMPLEMENTATIONS = YES;
				CLANG_WARN_DIRECT_OBJC_ISA_USAGE = YES_ERROR;
				CLANG_WARN_DOCUMENTATION_COMMENTS = YES;
				CLANG_WARN_EMPTY_BODY = YES;
				CLANG_WARN_ENUM_CONVERSION = YES;
				CLANG_WARN_INFINITE_RECURSION = YES;
				CLANG_WARN_INT_CONVERSION = YES;
				CLANG_WARN_NON_LITERAL_NULL_CONVERSION = YES;
				CLANG_WARN_OBJC_IMPLICIT_RETAIN_SELF = YES;
				CLANG_WARN_OBJC_LITERAL_CONVERSION = YES;
				CLANG_WARN_OBJC_ROOT_CLASS = YES_ERROR;
				CLANG_WARN_QUOTED_INCLUDE_IN_FRAMEWORK_HEADER = YES;
				CLANG_WARN_RANGE_LOOP_ANALYSIS = YES;
				CLANG_WARN_STRICT_PROTOTYPES = YES;
				CLANG_WARN_SUSPICIOUS_MOVE = YES;
				CLANG_WARN_UNGUARDED_AVAILABILITY = YES_AGGRESSIVE;
				CLANG_WARN_UNREACHABLE_CODE = YES;
				CLANG_WARN__DUPLICATE_METHOD_MATCH = YES;
				COPY_PHASE_STRIP = NO;
				DEBUG_INFORMATION_FORMAT = dwarf;
				ENABLE_STRICT_OBJC_MSGSEND = YES;
				ENABLE_TESTABILITY = YES;
				GCC_C_LANGUAGE_STANDARD = gnu11;
				GCC_DYNAMIC_NO_PIC = NO;
				GCC_NO_COMMON_BLOCKS = YES;
				GCC_OPTIMIZATION_LEVEL = 0;
				GCC_PREPROCESSOR_DEFINITIONS = (
					"DEBUG=1",
					"$(inherited)",
				);
				GCC_WARN_64_TO_32_BIT_CONVERSION = YES;
				GCC_WARN_ABOUT_RETURN_TYPE = YES_ERROR;
				GCC_WARN_UNDECLARED_SELECTOR = YES;
				GCC_WARN_UNINITIALIZED_AUTOS = YES_AGGRESSIVE;
				GCC_WARN_UNUSED_FUNCTION = YES;
				GCC_WARN_UNUSED_VARIABLE = YES;
				IPHONEOS_DEPLOYMENT_TARGET = 16.4;
				MTL_ENABLE_DEBUG_INFO = INCLUDE_SOURCE;
				MTL_FAST_MATH = YES;
				ONLY_ACTIVE_ARCH = YES;
				SDKROOT = iphoneos;
				SWIFT_ACTIVE_COMPILATION_CONDITIONS = DEBUG;
				SWIFT_OPTIMIZATION_LEVEL = "-Onone";
			};
			name = Debug;
		};
		6AF418B02A67153500432775 /* Release */ = {
			isa = XCBuildConfiguration;
			buildSettings = {
				ALWAYS_SEARCH_USER_PATHS = NO;
				CLANG_ANALYZER_NONNULL = YES;
				CLANG_ANALYZER_NUMBER_OBJECT_CONVERSION = YES_AGGRESSIVE;
				CLANG_CXX_LANGUAGE_STANDARD = "gnu++20";
				CLANG_ENABLE_MODULES = YES;
				CLANG_ENABLE_OBJC_ARC = YES;
				CLANG_ENABLE_OBJC_WEAK = YES;
				CLANG_WARN_BLOCK_CAPTURE_AUTORELEASING = YES;
				CLANG_WARN_BOOL_CONVERSION = YES;
				CLANG_WARN_COMMA = YES;
				CLANG_WARN_CONSTANT_CONVERSION = YES;
				CLANG_WARN_DEPRECATED_OBJC_IMPLEMENTATIONS = YES;
				CLANG_WARN_DIRECT_OBJC_ISA_USAGE = YES_ERROR;
				CLANG_WARN_DOCUMENTATION_COMMENTS = YES;
				CLANG_WARN_EMPTY_BODY = YES;
				CLANG_WARN_ENUM_CONVERSION = YES;
				CLANG_WARN_INFINITE_RECURSION = YES;
				CLANG_WARN_INT_CONVERSION = YES;
				CLANG_WARN_NON_LITERAL_NULL_CONVERSION = YES;
				CLANG_WARN_OBJC_IMPLICIT_RETAIN_SELF = YES;
				CLANG_WARN_OBJC_LITERAL_CONVERSION = YES;
				CLANG_WARN_OBJC_ROOT_CLASS = YES_ERROR;
				CLANG_WARN_QUOTED_INCLUDE_IN_FRAMEWORK_HEADER = YES;
				CLANG_WARN_RANGE_LOOP_ANALYSIS = YES;
				CLANG_WARN_STRICT_PROTOTYPES = YES;
				CLANG_WARN_SUSPICIOUS_MOVE = YES;
				CLANG_WARN_UNGUARDED_AVAILABILITY = YES_AGGRESSIVE;
				CLANG_WARN_UNREACHABLE_CODE = YES;
				CLANG_WARN__DUPLICATE_METHOD_MATCH = YES;
				COPY_PHASE_STRIP = NO;
				DEBUG_INFORMATION_FORMAT = "dwarf-with-dsym";
				ENABLE_NS_ASSERTIONS = NO;
				ENABLE_STRICT_OBJC_MSGSEND = YES;
				GCC_C_LANGUAGE_STANDARD = gnu11;
				GCC_NO_COMMON_BLOCKS = YES;
				GCC_WARN_64_TO_32_BIT_CONVERSION = YES;
				GCC_WARN_ABOUT_RETURN_TYPE = YES_ERROR;
				GCC_WARN_UNDECLARED_SELECTOR = YES;
				GCC_WARN_UNINITIALIZED_AUTOS = YES_AGGRESSIVE;
				GCC_WARN_UNUSED_FUNCTION = YES;
				GCC_WARN_UNUSED_VARIABLE = YES;
				IPHONEOS_DEPLOYMENT_TARGET = 16.4;
				MTL_ENABLE_DEBUG_INFO = NO;
				MTL_FAST_MATH = YES;
				SDKROOT = iphoneos;
				SWIFT_COMPILATION_MODE = wholemodule;
				SWIFT_OPTIMIZATION_LEVEL = "-O";
				VALIDATE_PRODUCT = YES;
			};
			name = Release;
		};
		6AF418B22A67153500432775 /* Debug */ = {
			isa = XCBuildConfiguration;
			buildSettings = {
				ASSETCATALOG_COMPILER_APPICON_NAME = AppIcon;
				ASSETCATALOG_COMPILER_GLOBAL_ACCENT_COLOR_NAME = AccentColor;
				CODE_SIGN_STYLE = Automatic;
				CURRENT_PROJECT_VERSION = 1;
				DEVELOPMENT_TEAM = 597Z5W4L5N;
				GENERATE_INFOPLIST_FILE = YES;
				INFOPLIST_FILE = FoodOrder/Info.plist;
				INFOPLIST_KEY_UIApplicationSupportsIndirectInputEvents = YES;
				INFOPLIST_KEY_UILaunchStoryboardName = LaunchScreen;
				INFOPLIST_KEY_UIMainStoryboardFile = Main;
				INFOPLIST_KEY_UISupportedInterfaceOrientations_iPad = "UIInterfaceOrientationPortrait UIInterfaceOrientationPortraitUpsideDown UIInterfaceOrientationLandscapeLeft UIInterfaceOrientationLandscapeRight";
				INFOPLIST_KEY_UISupportedInterfaceOrientations_iPhone = "UIInterfaceOrientationPortrait UIInterfaceOrientationLandscapeLeft UIInterfaceOrientationLandscapeRight";
				LD_RUNPATH_SEARCH_PATHS = (
					"$(inherited)",
					"@executable_path/Frameworks",
				);
				MARKETING_VERSION = 1.0;
				PRODUCT_BUNDLE_IDENTIFIER = com.zulfuakgunes.FoodOrder;
				PRODUCT_NAME = "$(TARGET_NAME)";
				SWIFT_EMIT_LOC_STRINGS = YES;
				SWIFT_VERSION = 5.0;
				TARGETED_DEVICE_FAMILY = "1,2";
			};
			name = Debug;
		};
		6AF418B32A67153500432775 /* Release */ = {
			isa = XCBuildConfiguration;
			buildSettings = {
				ASSETCATALOG_COMPILER_APPICON_NAME = AppIcon;
				ASSETCATALOG_COMPILER_GLOBAL_ACCENT_COLOR_NAME = AccentColor;
				CODE_SIGN_STYLE = Automatic;
				CURRENT_PROJECT_VERSION = 1;
				DEVELOPMENT_TEAM = 597Z5W4L5N;
				GENERATE_INFOPLIST_FILE = YES;
				INFOPLIST_FILE = FoodOrder/Info.plist;
				INFOPLIST_KEY_UIApplicationSupportsIndirectInputEvents = YES;
				INFOPLIST_KEY_UILaunchStoryboardName = LaunchScreen;
				INFOPLIST_KEY_UIMainStoryboardFile = Main;
				INFOPLIST_KEY_UISupportedInterfaceOrientations_iPad = "UIInterfaceOrientationPortrait UIInterfaceOrientationPortraitUpsideDown UIInterfaceOrientationLandscapeLeft UIInterfaceOrientationLandscapeRight";
				INFOPLIST_KEY_UISupportedInterfaceOrientations_iPhone = "UIInterfaceOrientationPortrait UIInterfaceOrientationLandscapeLeft UIInterfaceOrientationLandscapeRight";
				LD_RUNPATH_SEARCH_PATHS = (
					"$(inherited)",
					"@executable_path/Frameworks",
				);
				MARKETING_VERSION = 1.0;
				PRODUCT_BUNDLE_IDENTIFIER = com.zulfuakgunes.FoodOrder;
				PRODUCT_NAME = "$(TARGET_NAME)";
				SWIFT_EMIT_LOC_STRINGS = YES;
				SWIFT_VERSION = 5.0;
				TARGETED_DEVICE_FAMILY = "1,2";
			};
			name = Release;
		};
/* End XCBuildConfiguration section */

/* Begin XCConfigurationList section */
		6AF418982A67153300432775 /* Build configuration list for PBXProject "FoodOrder" */ = {
			isa = XCConfigurationList;
			buildConfigurations = (
				6AF418AF2A67153500432775 /* Debug */,
				6AF418B02A67153500432775 /* Release */,
			);
			defaultConfigurationIsVisible = 0;
			defaultConfigurationName = Release;
		};
		6AF418B12A67153500432775 /* Build configuration list for PBXNativeTarget "FoodOrder" */ = {
			isa = XCConfigurationList;
			buildConfigurations = (
				6AF418B22A67153500432775 /* Debug */,
				6AF418B32A67153500432775 /* Release */,
			);
			defaultConfigurationIsVisible = 0;
			defaultConfigurationName = Release;
		};
/* End XCConfigurationList section */

/* Begin XCRemoteSwiftPackageReference section */
		6A07C66B2A697F0D000241EE /* XCRemoteSwiftPackageReference "Kingfisher" */ = {
			isa = XCRemoteSwiftPackageReference;
			repositoryURL = "https://github.com/onevcat/Kingfisher";
			requirement = {
				kind = upToNextMajorVersion;
				minimumVersion = 7.0.0;
			};
		};
		6A5C9DEC2A7AD9C5001E9614 /* XCRemoteSwiftPackageReference "ProgressHUD" */ = {
			isa = XCRemoteSwiftPackageReference;
			repositoryURL = "https://github.com/relatedcode/ProgressHUD";
			requirement = {
				kind = upToNextMajorVersion;
				minimumVersion = 13.0.0;
			};
		};
		6AE454752A7D422200C810B5 /* XCRemoteSwiftPackageReference "IQKeyboardManager" */ = {
			isa = XCRemoteSwiftPackageReference;
			repositoryURL = "https://github.com/hackiftekhar/IQKeyboardManager";
			requirement = {
				kind = upToNextMajorVersion;
				minimumVersion = 6.0.0;
			};
		};
/* End XCRemoteSwiftPackageReference section */

/* Begin XCSwiftPackageProductDependency section */
		6A07C66C2A697F0D000241EE /* Kingfisher */ = {
			isa = XCSwiftPackageProductDependency;
			package = 6A07C66B2A697F0D000241EE /* XCRemoteSwiftPackageReference "Kingfisher" */;
			productName = Kingfisher;
		};
		6A5C9DED2A7AD9C5001E9614 /* ProgressHUD */ = {
			isa = XCSwiftPackageProductDependency;
			package = 6A5C9DEC2A7AD9C5001E9614 /* XCRemoteSwiftPackageReference "ProgressHUD" */;
			productName = ProgressHUD;
		};
		6AE454762A7D422200C810B5 /* IQKeyboardManagerSwift */ = {
			isa = XCSwiftPackageProductDependency;
			package = 6AE454752A7D422200C810B5 /* XCRemoteSwiftPackageReference "IQKeyboardManager" */;
			productName = IQKeyboardManagerSwift;
		};
/* End XCSwiftPackageProductDependency section */
	};
	rootObject = 6AF418952A67153300432775 /* Project object */;
}
